
Microsoft Visual Studio Solution File, Format Version 12.00
# Visual Studio Version 18
VisualStudioVersion = 18.0.11217.181
MinimumVisualStudioVersion = 10.0.40219.1
Project("{2150E333-8FDC-42A3-9474-1A3956D46DE8}") = "Solution Items", "Solution Items", "{D0A06B7F-EDF5-4D67-BA56-320FBA1C4D25}"
	ProjectSection(SolutionItems) = preProject
		.editorconfig = .editorconfig
	EndProjectSection
EndProject
Project("{FAE04EC0-301F-11D3-BF4B-00C04F79EFBC}") = "N.Api", "N.Api\N.Api.csproj", "{8FABF624-6320-37E9-C408-1101F99C7918}"
EndProject
Project("{FAE04EC0-301F-11D3-BF4B-00C04F79EFBC}") = "N.Model", "N.Model\N.Model.csproj", "{B2AAE942-E5CF-3093-B68F-750963B71B90}"
EndProject
Project("{FAE04EC0-301F-11D3-BF4B-00C04F79EFBC}") = "N.Service", "N.Service\N.Service.csproj", "{21FF9643-8A62-B100-25BD-BF307066B819}"
EndProject
Global
	GlobalSection(SolutionConfigurationPlatforms) = preSolution
		Debug|Any CPU = Debug|Any CPU
		Release|Any CPU = Release|Any CPU
	EndGlobalSection
	GlobalSection(ProjectConfigurationPlatforms) = postSolution
		{8FABF624-6320-37E9-C408-1101F99C7918}.Debug|Any CPU.ActiveCfg = Debug|Any CPU
		{8FABF624-6320-37E9-C408-1101F99C7918}.Debug|Any CPU.Build.0 = Debug|Any CPU
		{8FABF624-6320-37E9-C408-1101F99C7918}.Release|Any CPU.ActiveCfg = Release|Any CPU
		{8FABF624-6320-37E9-C408-1101F99C7918}.Release|Any CPU.Build.0 = Release|Any CPU
		{B2AAE942-E5CF-3093-B68F-750963B71B90}.Debug|Any CPU.ActiveCfg = Debug|Any CPU
		{B2AAE942-E5CF-3093-B68F-750963B71B90}.Debug|Any CPU.Build.0 = Debug|Any CPU
		{B2AAE942-E5CF-3093-B68F-750963B71B90}.Release|Any CPU.ActiveCfg = Release|Any CPU
		{B2AAE942-E5CF-3093-B68F-750963B71B90}.Release|Any CPU.Build.0 = Release|Any CPU
		{21FF9643-8A62-B100-25BD-BF307066B819}.Debug|Any CPU.ActiveCfg = Debug|Any CPU
		{21FF9643-8A62-B100-25BD-BF307066B819}.Debug|Any CPU.Build.0 = Debug|Any CPU
		{21FF9643-8A62-B100-25BD-BF307066B819}.Release|Any CPU.ActiveCfg = Release|Any CPU
		{21FF9643-8A62-B100-25BD-BF307066B819}.Release|Any CPU.Build.0 = Release|Any CPU
	EndGlobalSection
	GlobalSection(SolutionProperties) = preSolution
		HideSolutionNode = FALSE
	EndGlobalSection
	GlobalSection(ExtensibilityGlobals) = postSolution
		SolutionGuid = {0021B34B-CBB9-4376-8AB0-D3BDF383F723}
	EndGlobalSection
EndGlobal
